// !$*UTF8*$!
{
	archiveVersion = 1;
	classes = {
	};
	objectVersion = 56;
	objects = {

/* Begin PBXBuildFile section */
		BB0000000000000000000001 /* MacchiatoApp.swift in Sources */ = {isa = PBXBuildFile; fileRef = AA0000000000000000000001 /* MacchiatoApp.swift */; };
		BB0000000000000000000002 /* Assets.xcassets in Resources */ = {isa = PBXBuildFile; fileRef = AA0000000000000000000002 /* Assets.xcassets */; };
		BB0000000000000000000003 /* CaffeinateService.swift in Sources */ = {isa = PBXBuildFile; fileRef = AA0000000000000000000005 /* CaffeinateService.swift */; };
		BB0000000000000000000004 /* CaffeinateServiceTests.swift in Sources */ = {isa = PBXBuildFile; fileRef = AA0000000000000000000006 /* CaffeinateServiceTests.swift */; };
/* End PBXBuildFile section */

/* Begin PBXContainerItemProxy section */
		F00000000000000000000001 /* PBXContainerItemProxy */ = {
			isa = PBXContainerItemProxy;
			containerPortal = FF0000000000000000000001 /* Project object */;
			proxyType = 1;
			remoteGlobalIDString = EE0000000000000000000001;
			remoteInfo = Macchiato;
		};
/* End PBXContainerItemProxy section */

/* Begin PBXFileReference section */
		AA0000000000000000000001 /* MacchiatoApp.swift */ = {isa = PBXFileReference; lastKnownFileType = sourcecode.swift; path = MacchiatoApp.swift; sourceTree = "<group>"; };
		AA0000000000000000000002 /* Assets.xcassets */ = {isa = PBXFileReference; lastKnownFileType = folder.assetcatalog; path = Assets.xcassets; sourceTree = "<group>"; };
		AA0000000000000000000003 /* Info.plist */ = {isa = PBXFileReference; lastKnownFileType = text.plist.xml; path = Info.plist; sourceTree = "<group>"; };
		AA0000000000000000000004 /* Macchiato.app */ = {isa = PBXFileReference; explicitFileType = wrapper.application; includeInIndex = 0; path = Macchiato.app; sourceTree = BUILT_PRODUCTS_DIR; };
		AA0000000000000000000005 /* CaffeinateService.swift */ = {isa = PBXFileReference; lastKnownFileType = sourcecode.swift; path = CaffeinateService.swift; sourceTree = "<group>"; };
		AA0000000000000000000006 /* CaffeinateServiceTests.swift */ = {isa = PBXFileReference; lastKnownFileType = sourcecode.swift; path = CaffeinateServiceTests.swift; sourceTree = "<group>"; };
		AA0000000000000000000007 /* MacchiatoTests.xctest */ = {isa = PBXFileReference; explicitFileType = wrapper.cfbundle; includeInIndex = 0; path = MacchiatoTests.xctest; sourceTree = BUILT_PRODUCTS_DIR; };
/* End PBXFileReference section */

/* Begin PBXFrameworksBuildPhase section */
		DD0000000000000000000003 /* Frameworks */ = {
			isa = PBXFrameworksBuildPhase;
			buildActionMask = 2147483647;
			files = (
			);
			runOnlyForDeploymentPostprocessing = 0;
		};
		DD0000000000000000000006 /* Frameworks */ = {
			isa = PBXFrameworksBuildPhase;
			buildActionMask = 2147483647;
			files = (
			);
			runOnlyForDeploymentPostprocessing = 0;
		};
/* End PBXFrameworksBuildPhase section */

/* Begin PBXGroup section */
		CC0000000000000000000001 = {
			isa = PBXGroup;
			children = (
				CC0000000000000000000002 /* Macchiato */,
				CC0000000000000000000004 /* MacchiatoTests */,
				CC0000000000000000000003 /* Products */,
			);
			sourceTree = "<group>";
		};
		CC0000000000000000000002 /* Macchiato */ = {
			isa = PBXGroup;
			children = (
				AA0000000000000000000001 /* MacchiatoApp.swift */,
				AA0000000000000000000005 /* CaffeinateService.swift */,
				AA0000000000000000000002 /* Assets.xcassets */,
				AA0000000000000000000003 /* Info.plist */,
			);
			path = Macchiato;
			sourceTree = "<group>";
		};
		CC0000000000000000000003 /* Products */ = {
			isa = PBXGroup;
			children = (
				AA0000000000000000000004 /* Macchiato.app */,
				AA0000000000000000000007 /* MacchiatoTests.xctest */,
			);
			name = Products;
			sourceTree = "<group>";
		};
		CC0000000000000000000004 /* MacchiatoTests */ = {
			isa = PBXGroup;
			children = (
				AA0000000000000000000006 /* CaffeinateServiceTests.swift */,
			);
			path = MacchiatoTests;
			sourceTree = "<group>";
		};
/* End PBXGroup section */

/* Begin PBXNativeTarget section */
		EE0000000000000000000001 /* Macchiato */ = {
			isa = PBXNativeTarget;
			buildConfigurationList = 220000000000000000000002 /* Build configuration list for PBXNativeTarget "Macchiato" */;
			buildPhases = (
				DD0000000000000000000001 /* Sources */,
				DD0000000000000000000003 /* Frameworks */,
				DD0000000000000000000002 /* Resources */,
			);
			buildRules = (
			);
			dependencies = (
			);
			name = Macchiato;
			productName = Macchiato;
			productReference = AA0000000000000000000004 /* Macchiato.app */;
			productType = "com.apple.product-type.application";
		};
		EE0000000000000000000002 /* MacchiatoTests */ = {
			isa = PBXNativeTarget;
			buildConfigurationList = 220000000000000000000003 /* Build configuration list for PBXNativeTarget "MacchiatoTests" */;
			buildPhases = (
				DD0000000000000000000004 /* Sources */,
				DD0000000000000000000006 /* Frameworks */,
				DD0000000000000000000005 /* Resources */,
			);
			buildRules = (
			);
			dependencies = (
				F10000000000000000000001 /* PBXTargetDependency */,
			);
			name = MacchiatoTests;
			productName = MacchiatoTests;
			productReference = AA0000000000000000000007 /* MacchiatoTests.xctest */;
			productType = "com.apple.product-type.bundle.unit-test";
		};
/* End PBXNativeTarget section */

/* Begin PBXProject section */
		FF0000000000000000000001 /* Project object */ = {
			isa = PBXProject;
			attributes = {
				BuildIndependentTargetsInParallel = 1;
				LastSwiftUpdateCheck = 1540;
				LastUpgradeCheck = 1540;
				TargetAttributes = {
					EE0000000000000000000001 = {
						CreatedOnToolsVersion = 15.4;
					};
					EE0000000000000000000002 = {
						CreatedOnToolsVersion = 15.4;
						TestTargetID = EE0000000000000000000001;
					};
				};
			};
			buildConfigurationList = 220000000000000000000001 /* Build configuration list for PBXProject "Macchiato" */;
			compatibilityVersion = "Xcode 14.0";
			developmentRegion = en;
			hasScannedForEncodings = 0;
			knownRegions = (
				en,
				Base,
			);
			mainGroup = CC0000000000000000000001;
			productRefGroup = CC0000000000000000000003 /* Products */;
			projectDirPath = "";
			projectRoot = "";
			targets = (
				EE0000000000000000000001 /* Macchiato */,
				EE0000000000000000000002 /* MacchiatoTests */,
			);
		};
/* End PBXProject section */

/* Begin PBXResourcesBuildPhase section */
		DD0000000000000000000002 /* Resources */ = {
			isa = PBXResourcesBuildPhase;
			buildActionMask = 2147483647;
			files = (
				BB0000000000000000000002 /* Assets.xcassets in Resources */,
			);
			runOnlyForDeploymentPostprocessing = 0;
		};
		DD0000000000000000000005 /* Resources */ = {
			isa = PBXResourcesBuildPhase;
			buildActionMask = 2147483647;
			files = (
			);
			runOnlyForDeploymentPostprocessing = 0;
		};
/* End PBXResourcesBuildPhase section */

/* Begin PBXSourcesBuildPhase section */
		DD0000000000000000000001 /* Sources */ = {
			isa = PBXSourcesBuildPhase;
			buildActionMask = 2147483647;
			files = (
				BB0000000000000000000001 /* MacchiatoApp.swift in Sources */,
				BB0000000000000000000003 /* CaffeinateService.swift in Sources */,
			);
			runOnlyForDeploymentPostprocessing = 0;
		};
		DD0000000000000000000004 /* Sources */ = {
			isa = PBXSourcesBuildPhase;
			buildActionMask = 2147483647;
			files = (
				BB0000000000000000000004 /* CaffeinateServiceTests.swift in Sources */,
			);
			runOnlyForDeploymentPostprocessing = 0;
		};
/* End PBXSourcesBuildPhase section */

/* Begin PBXTargetDependency section */
		F10000000000000000000001 /* PBXTargetDependency */ = {
			isa = PBXTargetDependency;
			target = EE0000000000000000000001 /* Macchiato */;
			targetProxy = F00000000000000000000001 /* PBXContainerItemProxy */;
		};
/* End PBXTargetDependency section */

/* Begin XCBuildConfiguration section */
		110000000000000000000001 /* Debug */ = {
			isa = XCBuildConfiguration;
			buildSettings = {
				ALWAYS_SEARCH_USER_PATHS = NO;
				CLANG_ANALYZER_NONNULL = YES;
				CLANG_ANALYZER_NUMBER_OBJECT_CONVERSION = YES_AGGRESSIVE;
				CLANG_CXX_LANGUAGE_STANDARD = "gnu++20";
				CLANG_ENABLE_MODULES = YES;
				CLANG_ENABLE_OBJC_ARC = YES;
				CLANG_ENABLE_OBJC_WEAK = YES;
				CLANG_WARN_BLOCK_CAPTURE_AUTORELEASING = YES;
				CLANG_WARN_BOOL_CONVERSION = YES;
				CLANG_WARN_COMMA = YES;
				CLANG_WARN_CONSTANT_CONVERSION = YES;
				CLANG_WARN_DEPRECATED_OBJC_IMPLEMENTATIONS = YES;
				CLANG_WARN_DIRECT_OBJC_ISA_USAGE = YES_ERROR;
				CLANG_WARN_DOCUMENTATION_COMMENTS = YES;
				CLANG_WARN_EMPTY_BODY = YES;
				CLANG_WARN_ENUM_CONVERSION = YES;
				CLANG_WARN_INFINITE_RECURSION = YES;
				CLANG_WARN_INT_CONVERSION = YES;
				CLANG_WARN_NON_LITERAL_NULL_CONVERSION = YES;
				CLANG_WARN_OBJC_IMPLICIT_RETAIN_SELF = YES;
				CLANG_WARN_OBJC_LITERAL_CONVERSION = YES;
				CLANG_WARN_OBJC_ROOT_CLASS = YES_ERROR;
				CLANG_WARN_QUOTED_INCLUDE_IN_FRAMEWORK_HEADER = YES;
				CLANG_WARN_RANGE_LOOP_ANALYSIS = YES;
				CLANG_WARN_STRICT_PROTOTYPES = YES;
				CLANG_WARN_SUSPICIOUS_MOVE = YES;
				CLANG_WARN_UNGUARDED_AVAILABILITY = YES_AGGRESSIVE;
				CLANG_WARN_UNREACHABLE_CODE = YES;
				CLANG_WARN__DUPLICATE_METHOD_MATCH = YES;
				COPY_PHASE_STRIP = NO;
				DEBUG_INFORMATION_FORMAT = dwarf;
				ENABLE_STRICT_OBJC_MSGSEND = YES;
				ENABLE_TESTABILITY = YES;
				GCC_C_LANGUAGE_STANDARD = gnu17;
				GCC_DYNAMIC_NO_PIC = NO;
				GCC_NO_COMMON_BLOCKS = YES;
				GCC_OPTIMIZATION_LEVEL = 0;
				GCC_PREPROCESSOR_DEFINITIONS = (
					"DEBUG=1",
					"$(inherited)",
				);
				GCC_WARN_64_TO_32_BIT_CONVERSION = YES;
				GCC_WARN_ABOUT_RETURN_TYPE = YES_ERROR;
				GCC_WARN_UNDECLARED_SELECTOR = YES;
				GCC_WARN_UNINITIALIZED_AUTOS = YES_AGGRESSIVE;
				GCC_WARN_UNUSED_FUNCTION = YES;
				GCC_WARN_UNUSED_VARIABLE = YES;
				MACOSX_DEPLOYMENT_TARGET = 14.0;
				MTL_ENABLE_DEBUG_INFO = INCLUDE_SOURCE;
				MTL_FAST_MATH = YES;
				ONLY_ACTIVE_ARCH = YES;
				SDKROOT = macosx;
				SWIFT_ACTIVE_COMPILATION_CONDITIONS = "$(inherited) DEBUG";
				SWIFT_OPTIMIZATION_LEVEL = "-Onone";
			};
			name = Debug;
		};
		110000000000000000000002 /* Release */ = {
			isa = XCBuildConfiguration;
			buildSettings = {
				ALWAYS_SEARCH_USER_PATHS = NO;
				CLANG_ANALYZER_NONNULL = YES;
				CLANG_ANALYZER_NUMBER_OBJECT_CONVERSION = YES_AGGRESSIVE;
				CLANG_CXX_LANGUAGE_STANDARD = "gnu++20";
				CLANG_ENABLE_MODULES = YES;
				CLANG_ENABLE_OBJC_ARC = YES;
				CLANG_ENABLE_OBJC_WEAK = YES;
				CLANG_WARN_BLOCK_CAPTURE_AUTORELEASING = YES;
				CLANG_WARN_BOOL_CONVERSION = YES;
				CLANG_WARN_COMMA = YES;
				CLANG_WARN_CONSTANT_CONVERSION = YES;
				CLANG_WARN_DEPRECATED_OBJC_IMPLEMENTATIONS = YES;
				CLANG_WARN_DIRECT_OBJC_ISA_USAGE = YES_ERROR;
				CLANG_WARN_DOCUMENTATION_COMMENTS = YES;
				CLANG_WARN_EMPTY_BODY = YES;
				CLANG_WARN_ENUM_CONVERSION = YES;
				CLANG_WARN_INFINITE_RECURSION = YES;
				CLANG_WARN_INT_CONVERSION = YES;
				CLANG_WARN_NON_LITERAL_NULL_CONVERSION = YES;
				CLANG_WARN_OBJC_IMPLICIT_RETAIN_SELF = YES;
				CLANG_WARN_OBJC_LITERAL_CONVERSION = YES;
				CLANG_WARN_OBJC_ROOT_CLASS = YES_ERROR;
				CLANG_WARN_QUOTED_INCLUDE_IN_FRAMEWORK_HEADER = YES;
				CLANG_WARN_RANGE_LOOP_ANALYSIS = YES;
				CLANG_WARN_STRICT_PROTOTYPES = YES;
				CLANG_WARN_SUSPICIOUS_MOVE = YES;
				CLANG_WARN_UNGUARDED_AVAILABILITY = YES_AGGRESSIVE;
				CLANG_WARN_UNREACHABLE_CODE = YES;
				CLANG_WARN__DUPLICATE_METHOD_MATCH = YES;
				COPY_PHASE_STRIP = NO;
				DEBUG_INFORMATION_FORMAT = "dwarf-with-dsym";
				ENABLE_NS_ASSERTIONS = NO;
				ENABLE_STRICT_OBJC_MSGSEND = YES;
				GCC_C_LANGUAGE_STANDARD = gnu17;
				GCC_NO_COMMON_BLOCKS = YES;
				GCC_WARN_64_TO_32_BIT_CONVERSION = YES;
				GCC_WARN_ABOUT_RETURN_TYPE = YES_ERROR;
				GCC_WARN_UNDECLARED_SELECTOR = YES;
				GCC_WARN_UNINITIALIZED_AUTOS = YES_AGGRESSIVE;
				GCC_WARN_UNUSED_FUNCTION = YES;
				GCC_WARN_UNUSED_VARIABLE = YES;
				MACOSX_DEPLOYMENT_TARGET = 14.0;
				MTL_ENABLE_DEBUG_INFO = NO;
				MTL_FAST_MATH = YES;
				SDKROOT = macosx;
				SWIFT_COMPILATION_MODE = wholemodule;
			};
			name = Release;
		};
		110000000000000000000003 /* Debug */ = {
			isa = XCBuildConfiguration;
			buildSettings = {
				ASSETCATALOG_COMPILER_APPICON_NAME = AppIcon;
				CODE_SIGN_STYLE = Automatic;
				COMBINE_HIDPI_IMAGES = YES;
				CURRENT_PROJECT_VERSION = 1;
				DEVELOPMENT_TEAM = C4WH2VFRA8;
				ENABLE_HARDENED_RUNTIME = YES;
				GENERATE_INFOPLIST_FILE = YES;
				INFOPLIST_FILE = Macchiato/Info.plist;
				INFOPLIST_KEY_CFBundleDisplayName = Macchiato;
				INFOPLIST_KEY_LSUIElement = YES;
				LD_RUNPATH_SEARCH_PATHS = (
					"$(inherited)",
					"@executable_path/../Frameworks",
				);
				MARKETING_VERSION = 0.1.0;
				PRODUCT_BUNDLE_IDENTIFIER = com.matootie.Macchiato;
				PRODUCT_NAME = "$(TARGET_NAME)";
				SWIFT_EMIT_LOC_STRINGS = YES;
				SWIFT_VERSION = 5.0;
			};
			name = Debug;
		};
		110000000000000000000004 /* Release */ = {
			isa = XCBuildConfiguration;
			buildSettings = {
				ASSETCATALOG_COMPILER_APPICON_NAME = AppIcon;
				CODE_SIGN_STYLE = Automatic;
				COMBINE_HIDPI_IMAGES = YES;
				CURRENT_PROJECT_VERSION = 1;
				DEVELOPMENT_TEAM = C4WH2VFRA8;
				ENABLE_HARDENED_RUNTIME = YES;
				GENERATE_INFOPLIST_FILE = YES;
				INFOPLIST_FILE = Macchiato/Info.plist;
				INFOPLIST_KEY_CFBundleDisplayName = Macchiato;
				INFOPLIST_KEY_LSUIElement = YES;
				LD_RUNPATH_SEARCH_PATHS = (
					"$(inherited)",
					"@executable_path/../Frameworks",
				);
				MARKETING_VERSION = 0.1.0;
				PRODUCT_BUNDLE_IDENTIFIER = com.matootie.Macchiato;
				PRODUCT_NAME = "$(TARGET_NAME)";
				SWIFT_EMIT_LOC_STRINGS = YES;
				SWIFT_VERSION = 5.0;
			};
			name = Release;
		};
		110000000000000000000005 /* Debug */ = {
			isa = XCBuildConfiguration;
			buildSettings = {
				BUNDLE_LOADER = "$(TEST_HOST)";
				CODE_SIGN_STYLE = Automatic;
				CURRENT_PROJECT_VERSION = 1;
				DEVELOPMENT_TEAM = C4WH2VFRA8;
				GENERATE_INFOPLIST_FILE = YES;
				MARKETING_VERSION = 0.1.0;
				PRODUCT_BUNDLE_IDENTIFIER = com.matootie.MacchiatoTests;
				PRODUCT_NAME = "$(TARGET_NAME)";
				SWIFT_EMIT_LOC_STRINGS = NO;
				SWIFT_VERSION = 5.0;
				TEST_HOST = "$(BUILT_PRODUCTS_DIR)/Macchiato.app/Contents/MacOS/Macchiato";
			};
			name = Debug;
		};
		110000000000000000000006 /* Release */ = {
			isa = XCBuildConfiguration;
			buildSettings = {
				BUNDLE_LOADER = "$(TEST_HOST)";
				CODE_SIGN_STYLE = Automatic;
				CURRENT_PROJECT_VERSION = 1;
				DEVELOPMENT_TEAM = C4WH2VFRA8;
				GENERATE_INFOPLIST_FILE = YES;
				MARKETING_VERSION = 0.1.0;
				PRODUCT_BUNDLE_IDENTIFIER = com.matootie.MacchiatoTests;
				PRODUCT_NAME = "$(TARGET_NAME)";
				SWIFT_EMIT_LOC_STRINGS = NO;
				SWIFT_VERSION = 5.0;
				TEST_HOST = "$(BUILT_PRODUCTS_DIR)/Macchiato.app/Contents/MacOS/Macchiato";
			};
			name = Release;
		};
/* End XCBuildConfiguration section */

/* Begin XCConfigurationList section */
		220000000000000000000001 /* Build configuration list for PBXProject "Macchiato" */ = {
			isa = XCConfigurationList;
			buildConfigurations = (
				110000000000000000000001 /* Debug */,
				110000000000000000000002 /* Release */,
			);
			defaultConfigurationIsVisible = 0;
			defaultConfigurationName = Release;
		};
		220000000000000000000002 /* Build configuration list for PBXNativeTarget "Macchiato" */ = {
			isa = XCConfigurationList;
			buildConfigurations = (
				110000000000000000000003 /* Debug */,
				110000000000000000000004 /* Release */,
			);
			defaultConfigurationIsVisible = 0;
			defaultConfigurationName = Release;
		};
		220000000000000000000003 /* Build configuration list for PBXNativeTarget "MacchiatoTests" */ = {
			isa = XCConfigurationList;
			buildConfigurations = (
				110000000000000000000005 /* Debug */,
				110000000000000000000006 /* Release */,
			);
			defaultConfigurationIsVisible = 0;
			defaultConfigurationName = Release;
		};
/* End XCConfigurationList section */
	};
	rootObject = FF0000000000000000000001 /* Project object */;
}
